
Microsoft Visual Studio Solution File, Format Version 12.00
# Visual Studio 15
VisualStudioVersion = 15.0.26730.10
MinimumVisualStudioVersion = 10.0.40219.1
Project("{888888A0-9F3D-457C-B088-3A5042F75D52}") = "Quant-Trade", "Quant-Trade.pyproj", "{FA29F5CD-CBB2-4D4D-AA2D-E3C0E9BC1CA6}"
EndProject
Global
	GlobalSection(SolutionConfigurationPlatforms) = preSolution
		Debug|Any CPU = Debug|Any CPU
		Release|Any CPU = Release|Any CPU
	EndGlobalSection
	GlobalSection(ProjectConfigurationPlatforms) = postSolution
		{FA29F5CD-CBB2-4D4D-AA2D-E3C0E9BC1CA6}.Debug|Any CPU.ActiveCfg = Debug|Any CPU
		{FA29F5CD-CBB2-4D4D-AA2D-E3C0E9BC1CA6}.Release|Any CPU.ActiveCfg = Release|Any CPU
	EndGlobalSection
	GlobalSection(SolutionProperties) = preSolution
		HideSolutionNode = FALSE
	EndGlobalSection
	GlobalSection(ExtensibilityGlobals) = postSolution
		SolutionGuid = {4A0C362C-3457-46F6-9240-DEFA2438CA22}
	EndGlobalSection
EndGlobal
